
Microsoft Visual Studio Solution File, Format Version 12.00
# Visual Studio Version 17
VisualStudioVersion = 17.6.33829.357
MinimumVisualStudioVersion = 10.0.40219.1
Project("{2150E333-8FDC-42A3-9474-1A3956D46DE8}") = "src", "src", "{4E6CDFE2-5F17-4ABD-92A9-09E6CA1C6C8A}"
EndProject
Project("{2150E333-8FDC-42A3-9474-1A3956D46DE8}") = "1.Core", "1.Core", "{5F29747F-ED21-4E3E-8F47-66BCC0A7D6A8}"
EndProject
Project("{2150E333-8FDC-42A3-9474-1A3956D46DE8}") = "2.Infra", "2.Infra", "{28909442-B6F8-4895-8944-8C4D254E55A8}"
EndProject
Project("{2150E333-8FDC-42A3-9474-1A3956D46DE8}") = "3.Endpoints", "3.Endpoints", "{26BBF6B5-751F-4BEE-B811-B542751E7D92}"
EndProject
Project("{2150E333-8FDC-42A3-9474-1A3956D46DE8}") = "test", "test", "{7EBFEE90-0686-460D-A285-B2137931C273}"
EndProject
Project("{9A19103F-16F7-4668-BE54-9A1E7A4F7556}") = "ShortLink.Api", "src\3.Endpoints\ShortLink\ShortLink.Api.csproj", "{761BC635-5224-492B-BB9C-393D38F62D31}"
EndProject
Project("{FAE04EC0-301F-11D3-BF4B-00C04F79EFBC}") = "ShortLink.Infra.SQL", "src\2.Infra\ShortLink.Infra.SQL\ShortLink.Infra.SQL.csproj", "{E92C85BE-10DC-4C25-930B-B2E958DE1960}"
EndProject
Project("{FAE04EC0-301F-11D3-BF4B-00C04F79EFBC}") = "ShortLink.Domain", "src\1.Core\ShortLink.Domain\ShortLink.Domain.csproj", "{911B9203-E723-496D-B76B-FB45A17DBCF3}"
EndProject
Project("{FAE04EC0-301F-11D3-BF4B-00C04F79EFBC}") = "ShortLink.ApplicationService", "src\1.Core\ShortLink.ApplicationService\ShortLink.ApplicationService.csproj", "{5DE2ED40-F83A-45A6-BA2F-657658A5956A}"
EndProject
Project("{FAE04EC0-301F-11D3-BF4B-00C04F79EFBC}") = "ShortLink.Contracts", "src\1.Core\ShortLink.Contracts\ShortLink.Contracts.csproj", "{C85097B3-779D-425F-A968-9BCAE171B488}"
EndProject
Project("{FAE04EC0-301F-11D3-BF4B-00C04F79EFBC}") = "ShortLink.Utilities", "src\1.Core\ShortLink.Utilities\ShortLink.Utilities\ShortLink.Utilities.csproj", "{CBC08727-C86C-464A-8122-2E00A3E74DAD}"
EndProject
Global
	GlobalSection(SolutionConfigurationPlatforms) = preSolution
		Debug|Any CPU = Debug|Any CPU
		Release|Any CPU = Release|Any CPU
	EndGlobalSection
	GlobalSection(ProjectConfigurationPlatforms) = postSolution
		{761BC635-5224-492B-BB9C-393D38F62D31}.Debug|Any CPU.ActiveCfg = Debug|Any CPU
		{761BC635-5224-492B-BB9C-393D38F62D31}.Debug|Any CPU.Build.0 = Debug|Any CPU
		{761BC635-5224-492B-BB9C-393D38F62D31}.Release|Any CPU.ActiveCfg = Release|Any CPU
		{761BC635-5224-492B-BB9C-393D38F62D31}.Release|Any CPU.Build.0 = Release|Any CPU
		{E92C85BE-10DC-4C25-930B-B2E958DE1960}.Debug|Any CPU.ActiveCfg = Debug|Any CPU
		{E92C85BE-10DC-4C25-930B-B2E958DE1960}.Debug|Any CPU.Build.0 = Debug|Any CPU
		{E92C85BE-10DC-4C25-930B-B2E958DE1960}.Release|Any CPU.ActiveCfg = Release|Any CPU
		{E92C85BE-10DC-4C25-930B-B2E958DE1960}.Release|Any CPU.Build.0 = Release|Any CPU
		{911B9203-E723-496D-B76B-FB45A17DBCF3}.Debug|Any CPU.ActiveCfg = Debug|Any CPU
		{911B9203-E723-496D-B76B-FB45A17DBCF3}.Debug|Any CPU.Build.0 = Debug|Any CPU
		{911B9203-E723-496D-B76B-FB45A17DBCF3}.Release|Any CPU.ActiveCfg = Release|Any CPU
		{911B9203-E723-496D-B76B-FB45A17DBCF3}.Release|Any CPU.Build.0 = Release|Any CPU
		{5DE2ED40-F83A-45A6-BA2F-657658A5956A}.Debug|Any CPU.ActiveCfg = Debug|Any CPU
		{5DE2ED40-F83A-45A6-BA2F-657658A5956A}.Debug|Any CPU.Build.0 = Debug|Any CPU
		{5DE2ED40-F83A-45A6-BA2F-657658A5956A}.Release|Any CPU.ActiveCfg = Release|Any CPU
		{5DE2ED40-F83A-45A6-BA2F-657658A5956A}.Release|Any CPU.Build.0 = Release|Any CPU
		{C85097B3-779D-425F-A968-9BCAE171B488}.Debug|Any CPU.ActiveCfg = Debug|Any CPU
		{C85097B3-779D-425F-A968-9BCAE171B488}.Debug|Any CPU.Build.0 = Debug|Any CPU
		{C85097B3-779D-425F-A968-9BCAE171B488}.Release|Any CPU.ActiveCfg = Release|Any CPU
		{C85097B3-779D-425F-A968-9BCAE171B488}.Release|Any CPU.Build.0 = Release|Any CPU
		{CBC08727-C86C-464A-8122-2E00A3E74DAD}.Debug|Any CPU.ActiveCfg = Debug|Any CPU
		{CBC08727-C86C-464A-8122-2E00A3E74DAD}.Debug|Any CPU.Build.0 = Debug|Any CPU
		{CBC08727-C86C-464A-8122-2E00A3E74DAD}.Release|Any CPU.ActiveCfg = Release|Any CPU
		{CBC08727-C86C-464A-8122-2E00A3E74DAD}.Release|Any CPU.Build.0 = Release|Any CPU
	EndGlobalSection
	GlobalSection(SolutionProperties) = preSolution
		HideSolutionNode = FALSE
	EndGlobalSection
	GlobalSection(NestedProjects) = preSolution
		{5F29747F-ED21-4E3E-8F47-66BCC0A7D6A8} = {4E6CDFE2-5F17-4ABD-92A9-09E6CA1C6C8A}
		{28909442-B6F8-4895-8944-8C4D254E55A8} = {4E6CDFE2-5F17-4ABD-92A9-09E6CA1C6C8A}
		{26BBF6B5-751F-4BEE-B811-B542751E7D92} = {4E6CDFE2-5F17-4ABD-92A9-09E6CA1C6C8A}
		{761BC635-5224-492B-BB9C-393D38F62D31} = {26BBF6B5-751F-4BEE-B811-B542751E7D92}
		{E92C85BE-10DC-4C25-930B-B2E958DE1960} = {28909442-B6F8-4895-8944-8C4D254E55A8}
		{911B9203-E723-496D-B76B-FB45A17DBCF3} = {5F29747F-ED21-4E3E-8F47-66BCC0A7D6A8}
		{5DE2ED40-F83A-45A6-BA2F-657658A5956A} = {5F29747F-ED21-4E3E-8F47-66BCC0A7D6A8}
		{C85097B3-779D-425F-A968-9BCAE171B488} = {5F29747F-ED21-4E3E-8F47-66BCC0A7D6A8}
		{CBC08727-C86C-464A-8122-2E00A3E74DAD} = {5F29747F-ED21-4E3E-8F47-66BCC0A7D6A8}
	EndGlobalSection
	GlobalSection(ExtensibilityGlobals) = postSolution
		SolutionGuid = {86273827-FD7F-4D90-BE4A-F5D6B105026C}
	EndGlobalSection
EndGlobal
